
Microsoft Visual Studio Solution File, Format Version 12.00
# Visual Studio Version 16
VisualStudioVersion = 16.0.35026.282
MinimumVisualStudioVersion = 10.0.40219.1
Project("{FAE04EC0-301F-11D3-BF4B-00C04F79EFBC}") = "InventoryManagementSystem", "InventoryManagementSystem\InventoryManagementSystem.csproj", "{B873A9CD-C80E-4332-98BF-625B9ED7B7D4}"
EndProject
Global
	GlobalSection(SolutionConfigurationPlatforms) = preSolution
		Debug|Any CPU = Debug|Any CPU
		Release|Any CPU = Release|Any CPU
	EndGlobalSection
	GlobalSection(ProjectConfigurationPlatforms) = postSolution
		{B873A9CD-C80E-4332-98BF-625B9ED7B7D4}.Debug|Any CPU.ActiveCfg = Debug|Any CPU
		{B873A9CD-C80E-4332-98BF-625B9ED7B7D4}.Debug|Any CPU.Build.0 = Debug|Any CPU
		{B873A9CD-C80E-4332-98BF-625B9ED7B7D4}.Release|Any CPU.ActiveCfg = Release|Any CPU
		{B873A9CD-C80E-4332-98BF-625B9ED7B7D4}.Release|Any CPU.Build.0 = Release|Any CPU
	EndGlobalSection
	GlobalSection(SolutionProperties) = preSolution
		HideSolutionNode = FALSE
	EndGlobalSection
	GlobalSection(ExtensibilityGlobals) = postSolution
		SolutionGuid = {33276651-80A9-4279-9D30-9B3CE99CD322}
	EndGlobalSection
EndGlobal
